
Microsoft Visual Studio Solution File, Format Version 12.00
# Visual Studio Version 17
VisualStudioVersion = 17.4.33122.133
MinimumVisualStudioVersion = 10.0.40219.1
Project("{FAE04EC0-301F-11D3-BF4B-00C04F79EFBC}") = "Polymorphism,Abstraction,Interface", "Polymorphism,Abstraction,Interface\Polymorphism,Abstraction,Interface.csproj", "{24601EA3-179C-4A1C-B902-FC41A81B4788}"
EndProject
Global
	GlobalSection(SolutionConfigurationPlatforms) = preSolution
		Debug|Any CPU = Debug|Any CPU
		Release|Any CPU = Release|Any CPU
	EndGlobalSection
	GlobalSection(ProjectConfigurationPlatforms) = postSolution
		{24601EA3-179C-4A1C-B902-FC41A81B4788}.Debug|Any CPU.ActiveCfg = Debug|Any CPU
		{24601EA3-179C-4A1C-B902-FC41A81B4788}.Debug|Any CPU.Build.0 = Debug|Any CPU
		{24601EA3-179C-4A1C-B902-FC41A81B4788}.Release|Any CPU.ActiveCfg = Release|Any CPU
		{24601EA3-179C-4A1C-B902-FC41A81B4788}.Release|Any CPU.Build.0 = Release|Any CPU
	EndGlobalSection
	GlobalSection(SolutionProperties) = preSolution
		HideSolutionNode = FALSE
	EndGlobalSection
	GlobalSection(ExtensibilityGlobals) = postSolution
		SolutionGuid = {E7B0E25F-3845-4B6B-B78F-F6C08838887D}
	EndGlobalSection
EndGlobal
